
Microsoft Visual Studio Solution File, Format Version 12.00
# Visual Studio Version 16
VisualStudioVersion = 16.0.30621.155
MinimumVisualStudioVersion = 10.0.40219.1
Project("{9A19103F-16F7-4668-BE54-9A1E7A4F7556}") = "ictestproject", "ictestproject\ictestproject.csproj", "{A8EEFDFD-93FD-4181-85CA-56957E460C9B}"
EndProject
Project("{FAE04EC0-301F-11D3-BF4B-00C04F79EFBC}") = "SpecflowICHorse", "SpecflowICHorse\SpecflowICHorse.csproj", "{9BC999BC-9958-4FA1-B3C0-285500ED1B9B}"
EndProject
Global
	GlobalSection(SolutionConfigurationPlatforms) = preSolution
		Debug|Any CPU = Debug|Any CPU
		Release|Any CPU = Release|Any CPU
	EndGlobalSection
	GlobalSection(ProjectConfigurationPlatforms) = postSolution
		{A8EEFDFD-93FD-4181-85CA-56957E460C9B}.Debug|Any CPU.ActiveCfg = Debug|Any CPU
		{A8EEFDFD-93FD-4181-85CA-56957E460C9B}.Debug|Any CPU.Build.0 = Debug|Any CPU
		{A8EEFDFD-93FD-4181-85CA-56957E460C9B}.Release|Any CPU.ActiveCfg = Release|Any CPU
		{A8EEFDFD-93FD-4181-85CA-56957E460C9B}.Release|Any CPU.Build.0 = Release|Any CPU
		{9BC999BC-9958-4FA1-B3C0-285500ED1B9B}.Debug|Any CPU.ActiveCfg = Debug|Any CPU
		{9BC999BC-9958-4FA1-B3C0-285500ED1B9B}.Debug|Any CPU.Build.0 = Debug|Any CPU
		{9BC999BC-9958-4FA1-B3C0-285500ED1B9B}.Release|Any CPU.ActiveCfg = Release|Any CPU
		{9BC999BC-9958-4FA1-B3C0-285500ED1B9B}.Release|Any CPU.Build.0 = Release|Any CPU
	EndGlobalSection
	GlobalSection(SolutionProperties) = preSolution
		HideSolutionNode = FALSE
	EndGlobalSection
	GlobalSection(ExtensibilityGlobals) = postSolution
		SolutionGuid = {32177F59-E7DD-454B-9437-D46709E0435B}
	EndGlobalSection
EndGlobal
